{
  "name": "donorsdome",
  "version": "1.0.0",
  "lockfileVersion": 1,
  "requires": true,
  "dependencies": {
    "@types/graphql": {
      "version": "0.12.6",
      "resolved": "https://registry.npmjs.org/@types/graphql/-/graphql-0.12.6.tgz",
      "integrity": "sha512-wXAVyLfkG1UMkKOdMijVWFky39+OD/41KftzqfX1Oejd0Gm6dOIKjCihSVECg6X7PHjftxXmfOKA/d1H79ZfvQ=="
    },
    "apollo-link": {
      "version": "1.2.2",
      "resolved": "https://registry.npmjs.org/apollo-link/-/apollo-link-1.2.2.tgz",
      "integrity": "sha512-Uk/BC09dm61DZRDSu52nGq0nFhq7mcBPTjy5EEH1eunJndtCaNXQhQz/BjkI2NdrfGI+B+i5he6YSoRBhYizdw==",
      "requires": {
        "@types/graphql": "0.12.6",
        "apollo-utilities": "1.0.17",
        "zen-observable-ts": "0.8.9"
      }
    },
    "apollo-utilities": {
      "version": "1.0.17",
      "resolved": "https://registry.npmjs.org/apollo-utilities/-/apollo-utilities-1.0.17.tgz",
      "integrity": "sha512-Mm8pS48QVV/CUbcUFN5TmbkdjIJtYw99qVqbBHnIwL8x0H2RW0NpzASpC+5+qSxD1sKNLUl9pA6F5Et/0bbaVg==",
      "requires": {
        "fast-json-stable-stringify": "2.0.0"
      }
    },
    "deprecated-decorator": {
      "version": "0.1.6",
      "resolved": "https://registry.npmjs.org/deprecated-decorator/-/deprecated-decorator-0.1.6.tgz",
      "integrity": "sha1-AJZjF7ehL+kvPMgx91g68ym4bDc="
    },
    "fast-json-stable-stringify": {
      "version": "2.0.0",
      "resolved": "https://registry.npmjs.org/fast-json-stable-stringify/-/fast-json-stable-stringify-2.0.0.tgz",
      "integrity": "sha1-1RQsDK7msRifh9OnYREGT4bIu/I="
    },
    "graphql-tools": {
      "version": "3.1.1",
      "resolved": "https://registry.npmjs.org/graphql-tools/-/graphql-tools-3.1.1.tgz",
      "integrity": "sha512-yHvPkweUB0+Q/GWH5wIG60bpt8CTwBklCSzQdEHmRUgAdEQKxw+9B7zB3dG7wB3Ym7M7lfrS4Ej+jtDZfA2UXg==",
      "requires": {
        "apollo-link": "1.2.2",
        "apollo-utilities": "1.0.17",
        "deprecated-decorator": "0.1.6",
        "iterall": "1.2.2",
        "uuid": "3.3.2"
      }
    },
    "iterall": {
      "version": "1.2.2",
      "resolved": "https://registry.npmjs.org/iterall/-/iterall-1.2.2.tgz",
      "integrity": "sha512-yynBb1g+RFUPY64fTrFv7nsjRrENBQJaX2UL+2Szc9REFrSNm1rpSXHGzhmAy7a9uv3vlvgBlXnf9RqmPH1/DA=="
    },
    "uuid": {
      "version": "3.3.2",
      "resolved": "https://registry.npmjs.org/uuid/-/uuid-3.3.2.tgz",
      "integrity": "sha512-yXJmeNaw3DnnKAOKJE51sL/ZaYfWJRl1pK9dr19YFCu0ObS231AB1/LbqTKRAQ5kw8A90rA6fr4riOUpTZvQZA=="
    },
    "zen-observable": {
      "version": "0.8.9",
      "resolved": "https://registry.npmjs.org/zen-observable/-/zen-observable-0.8.9.tgz",
      "integrity": "sha512-Y9kPzjGvIZ5jchSlqlCpBW3I82zBBL4z+ulXDRVA1NwsKzjt5kwAi+gOYIy0htNkfuehGZZtP5mRXHRV6TjDWw=="
    },
    "zen-observable-ts": {
      "version": "0.8.9",
      "resolved": "https://registry.npmjs.org/zen-observable-ts/-/zen-observable-ts-0.8.9.tgz",
      "integrity": "sha512-KJz2O8FxbAdAU5CSc8qZ1K2WYEJb1HxS6XDRF+hOJ1rOYcg6eTMmS9xYHCXzqZZzKw6BbXWyF4UpwSsBQnHJeA==",
      "requires": {
        "zen-observable": "0.8.9"
      }
    }
  }
}
